
Microsoft Visual Studio Solution File, Format Version 12.00
# Visual Studio 15
VisualStudioVersion = 15.0.27703.2035
MinimumVisualStudioVersion = 10.0.40219.1
Project("{FAE04EC0-301F-11D3-BF4B-00C04F79EFBC}") = "UIL", "CS_Search_project\UIL.csproj", "{C81841FF-0FAD-47D4-9D94-EE2ABDB4A503}"
EndProject
Project("{FAE04EC0-301F-11D3-BF4B-00C04F79EFBC}") = "DAL", "DAL\DAL.csproj", "{D852838A-2E26-4106-8FEC-82322F026A33}"
EndProject
Project("{FAE04EC0-301F-11D3-BF4B-00C04F79EFBC}") = "BLL", "BLL\BLL.csproj", "{2F38038F-424B-4FAD-894F-B8677218640C}"
EndProject
Project("{FAE04EC0-301F-11D3-BF4B-00C04F79EFBC}") = "BOL", "BOL\BOL.csproj", "{E84320BA-0C56-47FE-80B0-F44C9103506C}"
EndProject
Global
	GlobalSection(SolutionConfigurationPlatforms) = preSolution
		Debug|Any CPU = Debug|Any CPU
		Release|Any CPU = Release|Any CPU
	EndGlobalSection
	GlobalSection(ProjectConfigurationPlatforms) = postSolution
		{C81841FF-0FAD-47D4-9D94-EE2ABDB4A503}.Debug|Any CPU.ActiveCfg = Debug|Any CPU
		{C81841FF-0FAD-47D4-9D94-EE2ABDB4A503}.Debug|Any CPU.Build.0 = Debug|Any CPU
		{C81841FF-0FAD-47D4-9D94-EE2ABDB4A503}.Release|Any CPU.ActiveCfg = Release|Any CPU
		{C81841FF-0FAD-47D4-9D94-EE2ABDB4A503}.Release|Any CPU.Build.0 = Release|Any CPU
		{D852838A-2E26-4106-8FEC-82322F026A33}.Debug|Any CPU.ActiveCfg = Debug|Any CPU
		{D852838A-2E26-4106-8FEC-82322F026A33}.Debug|Any CPU.Build.0 = Debug|Any CPU
		{D852838A-2E26-4106-8FEC-82322F026A33}.Release|Any CPU.ActiveCfg = Release|Any CPU
		{D852838A-2E26-4106-8FEC-82322F026A33}.Release|Any CPU.Build.0 = Release|Any CPU
		{2F38038F-424B-4FAD-894F-B8677218640C}.Debug|Any CPU.ActiveCfg = Debug|Any CPU
		{2F38038F-424B-4FAD-894F-B8677218640C}.Debug|Any CPU.Build.0 = Debug|Any CPU
		{2F38038F-424B-4FAD-894F-B8677218640C}.Release|Any CPU.ActiveCfg = Release|Any CPU
		{2F38038F-424B-4FAD-894F-B8677218640C}.Release|Any CPU.Build.0 = Release|Any CPU
		{E84320BA-0C56-47FE-80B0-F44C9103506C}.Debug|Any CPU.ActiveCfg = Debug|Any CPU
		{E84320BA-0C56-47FE-80B0-F44C9103506C}.Debug|Any CPU.Build.0 = Debug|Any CPU
		{E84320BA-0C56-47FE-80B0-F44C9103506C}.Release|Any CPU.ActiveCfg = Release|Any CPU
		{E84320BA-0C56-47FE-80B0-F44C9103506C}.Release|Any CPU.Build.0 = Release|Any CPU
	EndGlobalSection
	GlobalSection(SolutionProperties) = preSolution
		HideSolutionNode = FALSE
	EndGlobalSection
	GlobalSection(ExtensibilityGlobals) = postSolution
		SolutionGuid = {4DB50EED-EF4E-4717-A3A5-50176ACD7513}
	EndGlobalSection
EndGlobal
